// !$*UTF8*$!
{
	archiveVersion = 1;
	classes = {
	};
	objectVersion = 56;
	objects = {

/* Begin PBXBuildFile section */
		815DBD642C5180F1006E52D2 /* CleanPlaceholderApp.swift in Sources */ = {isa = PBXBuildFile; fileRef = 815DBD632C5180F1006E52D2 /* CleanPlaceholderApp.swift */; };
		815DBD682C5180F3006E52D2 /* Assets.xcassets in Resources */ = {isa = PBXBuildFile; fileRef = 815DBD672C5180F3006E52D2 /* Assets.xcassets */; };
		815DBD6B2C5180F3006E52D2 /* Preview Assets.xcassets in Resources */ = {isa = PBXBuildFile; fileRef = 815DBD6A2C5180F3006E52D2 /* Preview Assets.xcassets */; };
		815DBD702C5180F3006E52D2 /* CleanPlaceholder.xcdatamodeld in Sources */ = {isa = PBXBuildFile; fileRef = 815DBD6E2C5180F3006E52D2 /* CleanPlaceholder.xcdatamodeld */; };
		815DBD7B2C51816F006E52D2 /* ItemListView.swift in Sources */ = {isa = PBXBuildFile; fileRef = 815DBD7A2C51816F006E52D2 /* ItemListView.swift */; };
		815DBD7D2C51819D006E52D2 /* ItemDetailsView.swift in Sources */ = {isa = PBXBuildFile; fileRef = 815DBD7C2C51819D006E52D2 /* ItemDetailsView.swift */; };
		815DBD7F2C5181F7006E52D2 /* ItemModel.swift in Sources */ = {isa = PBXBuildFile; fileRef = 815DBD7E2C5181F7006E52D2 /* ItemModel.swift */; };
		815DBD812C51825C006E52D2 /* AddressModel.swift in Sources */ = {isa = PBXBuildFile; fileRef = 815DBD802C51825C006E52D2 /* AddressModel.swift */; };
		815DBD832C51828B006E52D2 /* GeoModel.swift in Sources */ = {isa = PBXBuildFile; fileRef = 815DBD822C51828B006E52D2 /* GeoModel.swift */; };
		815DBD852C5182BC006E52D2 /* CompanyModel.swift in Sources */ = {isa = PBXBuildFile; fileRef = 815DBD842C5182BC006E52D2 /* CompanyModel.swift */; };
		815DBD872C5183F5006E52D2 /* Errors.swift in Sources */ = {isa = PBXBuildFile; fileRef = 815DBD862C5183F5006E52D2 /* Errors.swift */; };
		815DBD892C51845B006E52D2 /* API.swift in Sources */ = {isa = PBXBuildFile; fileRef = 815DBD882C51845B006E52D2 /* API.swift */; };
		815DBD8B2C5184F5006E52D2 /* NetworkManager.swift in Sources */ = {isa = PBXBuildFile; fileRef = 815DBD8A2C5184F5006E52D2 /* NetworkManager.swift */; };
		815DBD8D2C518520006E52D2 /* Endpoints.swift in Sources */ = {isa = PBXBuildFile; fileRef = 815DBD8C2C518520006E52D2 /* Endpoints.swift */; };
		815DBD8F2C5186EE006E52D2 /* WebRepository.swift in Sources */ = {isa = PBXBuildFile; fileRef = 815DBD8E2C5186EE006E52D2 /* WebRepository.swift */; };
		815DBD912C518778006E52D2 /* ItemListViewModel.swift in Sources */ = {isa = PBXBuildFile; fileRef = 815DBD902C518778006E52D2 /* ItemListViewModel.swift */; };
		81DB702C2C59591D004C40F4 /* GoogleService-Info.plist in Resources */ = {isa = PBXBuildFile; fileRef = 81DB702B2C59591D004C40F4 /* GoogleService-Info.plist */; };
		81DB702F2C595A75004C40F4 /* FirebaseAnalytics in Frameworks */ = {isa = PBXBuildFile; productRef = 81DB702E2C595A75004C40F4 /* FirebaseAnalytics */; };
		81DB70312C595A75004C40F4 /* FirebaseAnalyticsWithoutAdIdSupport in Frameworks */ = {isa = PBXBuildFile; productRef = 81DB70302C595A75004C40F4 /* FirebaseAnalyticsWithoutAdIdSupport */; };
		81DB70332C595A75004C40F4 /* FirebaseCrashlytics in Frameworks */ = {isa = PBXBuildFile; productRef = 81DB70322C595A75004C40F4 /* FirebaseCrashlytics */; };
/* End PBXBuildFile section */

/* Begin PBXFileReference section */
		815DBD602C5180F1006E52D2 /* CleanPlaceholder.app */ = {isa = PBXFileReference; explicitFileType = wrapper.application; includeInIndex = 0; path = CleanPlaceholder.app; sourceTree = BUILT_PRODUCTS_DIR; };
		815DBD632C5180F1006E52D2 /* CleanPlaceholderApp.swift */ = {isa = PBXFileReference; lastKnownFileType = sourcecode.swift; path = CleanPlaceholderApp.swift; sourceTree = "<group>"; };
		815DBD672C5180F3006E52D2 /* Assets.xcassets */ = {isa = PBXFileReference; lastKnownFileType = folder.assetcatalog; path = Assets.xcassets; sourceTree = "<group>"; };
		815DBD6A2C5180F3006E52D2 /* Preview Assets.xcassets */ = {isa = PBXFileReference; lastKnownFileType = folder.assetcatalog; path = "Preview Assets.xcassets"; sourceTree = "<group>"; };
		815DBD6F2C5180F3006E52D2 /* CleanPlaceholder.xcdatamodel */ = {isa = PBXFileReference; lastKnownFileType = wrapper.xcdatamodel; path = CleanPlaceholder.xcdatamodel; sourceTree = "<group>"; };
		815DBD7A2C51816F006E52D2 /* ItemListView.swift */ = {isa = PBXFileReference; lastKnownFileType = sourcecode.swift; path = ItemListView.swift; sourceTree = "<group>"; };
		815DBD7C2C51819D006E52D2 /* ItemDetailsView.swift */ = {isa = PBXFileReference; lastKnownFileType = sourcecode.swift; path = ItemDetailsView.swift; sourceTree = "<group>"; };
		815DBD7E2C5181F7006E52D2 /* ItemModel.swift */ = {isa = PBXFileReference; lastKnownFileType = sourcecode.swift; path = ItemModel.swift; sourceTree = "<group>"; };
		815DBD802C51825C006E52D2 /* AddressModel.swift */ = {isa = PBXFileReference; lastKnownFileType = sourcecode.swift; path = AddressModel.swift; sourceTree = "<group>"; };
		815DBD822C51828B006E52D2 /* GeoModel.swift */ = {isa = PBXFileReference; lastKnownFileType = sourcecode.swift; path = GeoModel.swift; sourceTree = "<group>"; };
		815DBD842C5182BC006E52D2 /* CompanyModel.swift */ = {isa = PBXFileReference; lastKnownFileType = sourcecode.swift; path = CompanyModel.swift; sourceTree = "<group>"; };
		815DBD862C5183F5006E52D2 /* Errors.swift */ = {isa = PBXFileReference; lastKnownFileType = sourcecode.swift; path = Errors.swift; sourceTree = "<group>"; };
		815DBD882C51845B006E52D2 /* API.swift */ = {isa = PBXFileReference; lastKnownFileType = sourcecode.swift; path = API.swift; sourceTree = "<group>"; };
		815DBD8A2C5184F5006E52D2 /* NetworkManager.swift */ = {isa = PBXFileReference; lastKnownFileType = sourcecode.swift; path = NetworkManager.swift; sourceTree = "<group>"; };
		815DBD8C2C518520006E52D2 /* Endpoints.swift */ = {isa = PBXFileReference; lastKnownFileType = sourcecode.swift; path = Endpoints.swift; sourceTree = "<group>"; };
		815DBD8E2C5186EE006E52D2 /* WebRepository.swift */ = {isa = PBXFileReference; lastKnownFileType = sourcecode.swift; path = WebRepository.swift; sourceTree = "<group>"; };
		815DBD902C518778006E52D2 /* ItemListViewModel.swift */ = {isa = PBXFileReference; lastKnownFileType = sourcecode.swift; path = ItemListViewModel.swift; sourceTree = "<group>"; };
		81DB702B2C59591D004C40F4 /* GoogleService-Info.plist */ = {isa = PBXFileReference; fileEncoding = 4; lastKnownFileType = text.plist.xml; path = "GoogleService-Info.plist"; sourceTree = "<group>"; };
/* End PBXFileReference section */

/* Begin PBXFrameworksBuildPhase section */
		815DBD5D2C5180F1006E52D2 /* Frameworks */ = {
			isa = PBXFrameworksBuildPhase;
			buildActionMask = 2147483647;
			files = (
				81DB70332C595A75004C40F4 /* FirebaseCrashlytics in Frameworks */,
				81DB702F2C595A75004C40F4 /* FirebaseAnalytics in Frameworks */,
				81DB70312C595A75004C40F4 /* FirebaseAnalyticsWithoutAdIdSupport in Frameworks */,
			);
			runOnlyForDeploymentPostprocessing = 0;
		};
/* End PBXFrameworksBuildPhase section */

/* Begin PBXGroup section */
		815DBD572C5180F1006E52D2 = {
			isa = PBXGroup;
			children = (
				815DBD622C5180F1006E52D2 /* CleanPlaceholder */,
				815DBD612C5180F1006E52D2 /* Products */,
			);
			sourceTree = "<group>";
		};
		815DBD612C5180F1006E52D2 /* Products */ = {
			isa = PBXGroup;
			children = (
				815DBD602C5180F1006E52D2 /* CleanPlaceholder.app */,
			);
			name = Products;
			sourceTree = "<group>";
		};
		815DBD622C5180F1006E52D2 /* CleanPlaceholder */ = {
			isa = PBXGroup;
			children = (
				815DBD782C518125006E52D2 /* Network */,
				815DBD762C518104006E52D2 /* Models */,
				815DBD792C518136006E52D2 /* ViewModel */,
				815DBD772C518119006E52D2 /* View */,
				815DBD632C5180F1006E52D2 /* CleanPlaceholderApp.swift */,
				81DB702B2C59591D004C40F4 /* GoogleService-Info.plist */,
				815DBD672C5180F3006E52D2 /* Assets.xcassets */,
				815DBD6E2C5180F3006E52D2 /* CleanPlaceholder.xcdatamodeld */,
				815DBD692C5180F3006E52D2 /* Preview Content */,
			);
			path = CleanPlaceholder;
			sourceTree = "<group>";
		};
		815DBD692C5180F3006E52D2 /* Preview Content */ = {
			isa = PBXGroup;
			children = (
				815DBD6A2C5180F3006E52D2 /* Preview Assets.xcassets */,
			);
			path = "Preview Content";
			sourceTree = "<group>";
		};
		815DBD762C518104006E52D2 /* Models */ = {
			isa = PBXGroup;
			children = (
				815DBD7E2C5181F7006E52D2 /* ItemModel.swift */,
				815DBD802C51825C006E52D2 /* AddressModel.swift */,
				815DBD822C51828B006E52D2 /* GeoModel.swift */,
				815DBD842C5182BC006E52D2 /* CompanyModel.swift */,
			);
			path = Models;
			sourceTree = "<group>";
		};
		815DBD772C518119006E52D2 /* View */ = {
			isa = PBXGroup;
			children = (
				815DBD7A2C51816F006E52D2 /* ItemListView.swift */,
				815DBD7C2C51819D006E52D2 /* ItemDetailsView.swift */,
			);
			path = View;
			sourceTree = "<group>";
		};
		815DBD782C518125006E52D2 /* Network */ = {
			isa = PBXGroup;
			children = (
				815DBD862C5183F5006E52D2 /* Errors.swift */,
				815DBD882C51845B006E52D2 /* API.swift */,
				815DBD8A2C5184F5006E52D2 /* NetworkManager.swift */,
				815DBD8C2C518520006E52D2 /* Endpoints.swift */,
				815DBD8E2C5186EE006E52D2 /* WebRepository.swift */,
			);
			path = Network;
			sourceTree = "<group>";
		};
		815DBD792C518136006E52D2 /* ViewModel */ = {
			isa = PBXGroup;
			children = (
				815DBD902C518778006E52D2 /* ItemListViewModel.swift */,
			);
			path = ViewModel;
			sourceTree = "<group>";
		};
/* End PBXGroup section */

/* Begin PBXNativeTarget section */
		815DBD5F2C5180F1006E52D2 /* CleanPlaceholder */ = {
			isa = PBXNativeTarget;
			buildConfigurationList = 815DBD732C5180F3006E52D2 /* Build configuration list for PBXNativeTarget "CleanPlaceholder" */;
			buildPhases = (
				815DBD5C2C5180F1006E52D2 /* Sources */,
				815DBD5D2C5180F1006E52D2 /* Frameworks */,
				815DBD5E2C5180F1006E52D2 /* Resources */,
			);
			buildRules = (
			);
			dependencies = (
			);
			name = CleanPlaceholder;
			packageProductDependencies = (
				81DB702E2C595A75004C40F4 /* FirebaseAnalytics */,
				81DB70302C595A75004C40F4 /* FirebaseAnalyticsWithoutAdIdSupport */,
				81DB70322C595A75004C40F4 /* FirebaseCrashlytics */,
			);
			productName = CleanPlaceholder;
			productReference = 815DBD602C5180F1006E52D2 /* CleanPlaceholder.app */;
			productType = "com.apple.product-type.application";
		};
/* End PBXNativeTarget section */

/* Begin PBXProject section */
		815DBD582C5180F1006E52D2 /* Project object */ = {
			isa = PBXProject;
			attributes = {
				BuildIndependentTargetsInParallel = 1;
				LastSwiftUpdateCheck = 1540;
				LastUpgradeCheck = 1540;
				TargetAttributes = {
					815DBD5F2C5180F1006E52D2 = {
						CreatedOnToolsVersion = 15.4;
					};
				};
			};
			buildConfigurationList = 815DBD5B2C5180F1006E52D2 /* Build configuration list for PBXProject "CleanPlaceholder" */;
			compatibilityVersion = "Xcode 14.0";
			developmentRegion = en;
			hasScannedForEncodings = 0;
			knownRegions = (
				en,
				Base,
			);
			mainGroup = 815DBD572C5180F1006E52D2;
			packageReferences = (
				81DB702D2C595A75004C40F4 /* XCRemoteSwiftPackageReference "firebase-ios-sdk" */,
			);
			productRefGroup = 815DBD612C5180F1006E52D2 /* Products */;
			projectDirPath = "";
			projectRoot = "";
			targets = (
				815DBD5F2C5180F1006E52D2 /* CleanPlaceholder */,
			);
		};
/* End PBXProject section */

/* Begin PBXResourcesBuildPhase section */
		815DBD5E2C5180F1006E52D2 /* Resources */ = {
			isa = PBXResourcesBuildPhase;
			buildActionMask = 2147483647;
			files = (
				815DBD6B2C5180F3006E52D2 /* Preview Assets.xcassets in Resources */,
				815DBD682C5180F3006E52D2 /* Assets.xcassets in Resources */,
				81DB702C2C59591D004C40F4 /* GoogleService-Info.plist in Resources */,
			);
			runOnlyForDeploymentPostprocessing = 0;
		};
/* End PBXResourcesBuildPhase section */

/* Begin PBXSourcesBuildPhase section */
		815DBD5C2C5180F1006E52D2 /* Sources */ = {
			isa = PBXSourcesBuildPhase;
			buildActionMask = 2147483647;
			files = (
				815DBD7D2C51819D006E52D2 /* ItemDetailsView.swift in Sources */,
				815DBD7B2C51816F006E52D2 /* ItemListView.swift in Sources */,
				815DBD8B2C5184F5006E52D2 /* NetworkManager.swift in Sources */,
				815DBD812C51825C006E52D2 /* AddressModel.swift in Sources */,
				815DBD642C5180F1006E52D2 /* CleanPlaceholderApp.swift in Sources */,
				815DBD7F2C5181F7006E52D2 /* ItemModel.swift in Sources */,
				815DBD872C5183F5006E52D2 /* Errors.swift in Sources */,
				815DBD912C518778006E52D2 /* ItemListViewModel.swift in Sources */,
				815DBD702C5180F3006E52D2 /* CleanPlaceholder.xcdatamodeld in Sources */,
				815DBD8D2C518520006E52D2 /* Endpoints.swift in Sources */,
				815DBD8F2C5186EE006E52D2 /* WebRepository.swift in Sources */,
				815DBD832C51828B006E52D2 /* GeoModel.swift in Sources */,
				815DBD892C51845B006E52D2 /* API.swift in Sources */,
				815DBD852C5182BC006E52D2 /* CompanyModel.swift in Sources */,
			);
			runOnlyForDeploymentPostprocessing = 0;
		};
/* End PBXSourcesBuildPhase section */

/* Begin XCBuildConfiguration section */
		815DBD712C5180F3006E52D2 /* Debug */ = {
			isa = XCBuildConfiguration;
			buildSettings = {
				ALWAYS_SEARCH_USER_PATHS = NO;
				ASSETCATALOG_COMPILER_GENERATE_SWIFT_ASSET_SYMBOL_EXTENSIONS = YES;
				CLANG_ANALYZER_NONNULL = YES;
				CLANG_ANALYZER_NUMBER_OBJECT_CONVERSION = YES_AGGRESSIVE;
				CLANG_CXX_LANGUAGE_STANDARD = "gnu++20";
				CLANG_ENABLE_MODULES = YES;
				CLANG_ENABLE_OBJC_ARC = YES;
				CLANG_ENABLE_OBJC_WEAK = YES;
				CLANG_WARN_BLOCK_CAPTURE_AUTORELEASING = YES;
				CLANG_WARN_BOOL_CONVERSION = YES;
				CLANG_WARN_COMMA = YES;
				CLANG_WARN_CONSTANT_CONVERSION = YES;
				CLANG_WARN_DEPRECATED_OBJC_IMPLEMENTATIONS = YES;
				CLANG_WARN_DIRECT_OBJC_ISA_USAGE = YES_ERROR;
				CLANG_WARN_DOCUMENTATION_COMMENTS = YES;
				CLANG_WARN_EMPTY_BODY = YES;
				CLANG_WARN_ENUM_CONVERSION = YES;
				CLANG_WARN_INFINITE_RECURSION = YES;
				CLANG_WARN_INT_CONVERSION = YES;
				CLANG_WARN_NON_LITERAL_NULL_CONVERSION = YES;
				CLANG_WARN_OBJC_IMPLICIT_RETAIN_SELF = YES;
				CLANG_WARN_OBJC_LITERAL_CONVERSION = YES;
				CLANG_WARN_OBJC_ROOT_CLASS = YES_ERROR;
				CLANG_WARN_QUOTED_INCLUDE_IN_FRAMEWORK_HEADER = YES;
				CLANG_WARN_RANGE_LOOP_ANALYSIS = YES;
				CLANG_WARN_STRICT_PROTOTYPES = YES;
				CLANG_WARN_SUSPICIOUS_MOVE = YES;
				CLANG_WARN_UNGUARDED_AVAILABILITY = YES_AGGRESSIVE;
				CLANG_WARN_UNREACHABLE_CODE = YES;
				CLANG_WARN__DUPLICATE_METHOD_MATCH = YES;
				COPY_PHASE_STRIP = NO;
				DEBUG_INFORMATION_FORMAT = dwarf;
				ENABLE_STRICT_OBJC_MSGSEND = YES;
				ENABLE_TESTABILITY = YES;
				ENABLE_USER_SCRIPT_SANDBOXING = YES;
				GCC_C_LANGUAGE_STANDARD = gnu17;
				GCC_DYNAMIC_NO_PIC = NO;
				GCC_NO_COMMON_BLOCKS = YES;
				GCC_OPTIMIZATION_LEVEL = 0;
				GCC_PREPROCESSOR_DEFINITIONS = (
					"DEBUG=1",
					"$(inherited)",
				);
				GCC_WARN_64_TO_32_BIT_CONVERSION = YES;
				GCC_WARN_ABOUT_RETURN_TYPE = YES_ERROR;
				GCC_WARN_UNDECLARED_SELECTOR = YES;
				GCC_WARN_UNINITIALIZED_AUTOS = YES_AGGRESSIVE;
				GCC_WARN_UNUSED_FUNCTION = YES;
				GCC_WARN_UNUSED_VARIABLE = YES;
				IPHONEOS_DEPLOYMENT_TARGET = 17.5;
				LOCALIZATION_PREFERS_STRING_CATALOGS = YES;
				MTL_ENABLE_DEBUG_INFO = INCLUDE_SOURCE;
				MTL_FAST_MATH = YES;
				ONLY_ACTIVE_ARCH = YES;
				SDKROOT = iphoneos;
				SWIFT_ACTIVE_COMPILATION_CONDITIONS = "DEBUG $(inherited)";
				SWIFT_OPTIMIZATION_LEVEL = "-Onone";
			};
			name = Debug;
		};
		815DBD722C5180F3006E52D2 /* Release */ = {
			isa = XCBuildConfiguration;
			buildSettings = {
				ALWAYS_SEARCH_USER_PATHS = NO;
				ASSETCATALOG_COMPILER_GENERATE_SWIFT_ASSET_SYMBOL_EXTENSIONS = YES;
				CLANG_ANALYZER_NONNULL = YES;
				CLANG_ANALYZER_NUMBER_OBJECT_CONVERSION = YES_AGGRESSIVE;
				CLANG_CXX_LANGUAGE_STANDARD = "gnu++20";
				CLANG_ENABLE_MODULES = YES;
				CLANG_ENABLE_OBJC_ARC = YES;
				CLANG_ENABLE_OBJC_WEAK = YES;
				CLANG_WARN_BLOCK_CAPTURE_AUTORELEASING = YES;
				CLANG_WARN_BOOL_CONVERSION = YES;
				CLANG_WARN_COMMA = YES;
				CLANG_WARN_CONSTANT_CONVERSION = YES;
				CLANG_WARN_DEPRECATED_OBJC_IMPLEMENTATIONS = YES;
				CLANG_WARN_DIRECT_OBJC_ISA_USAGE = YES_ERROR;
				CLANG_WARN_DOCUMENTATION_COMMENTS = YES;
				CLANG_WARN_EMPTY_BODY = YES;
				CLANG_WARN_ENUM_CONVERSION = YES;
				CLANG_WARN_INFINITE_RECURSION = YES;
				CLANG_WARN_INT_CONVERSION = YES;
				CLANG_WARN_NON_LITERAL_NULL_CONVERSION = YES;
				CLANG_WARN_OBJC_IMPLICIT_RETAIN_SELF = YES;
				CLANG_WARN_OBJC_LITERAL_CONVERSION = YES;
				CLANG_WARN_OBJC_ROOT_CLASS = YES_ERROR;
				CLANG_WARN_QUOTED_INCLUDE_IN_FRAMEWORK_HEADER = YES;
				CLANG_WARN_RANGE_LOOP_ANALYSIS = YES;
				CLANG_WARN_STRICT_PROTOTYPES = YES;
				CLANG_WARN_SUSPICIOUS_MOVE = YES;
				CLANG_WARN_UNGUARDED_AVAILABILITY = YES_AGGRESSIVE;
				CLANG_WARN_UNREACHABLE_CODE = YES;
				CLANG_WARN__DUPLICATE_METHOD_MATCH = YES;
				COPY_PHASE_STRIP = NO;
				DEBUG_INFORMATION_FORMAT = "dwarf-with-dsym";
				ENABLE_NS_ASSERTIONS = NO;
				ENABLE_STRICT_OBJC_MSGSEND = YES;
				ENABLE_USER_SCRIPT_SANDBOXING = YES;
				GCC_C_LANGUAGE_STANDARD = gnu17;
				GCC_NO_COMMON_BLOCKS = YES;
				GCC_WARN_64_TO_32_BIT_CONVERSION = YES;
				GCC_WARN_ABOUT_RETURN_TYPE = YES_ERROR;
				GCC_WARN_UNDECLARED_SELECTOR = YES;
				GCC_WARN_UNINITIALIZED_AUTOS = YES_AGGRESSIVE;
				GCC_WARN_UNUSED_FUNCTION = YES;
				GCC_WARN_UNUSED_VARIABLE = YES;
				IPHONEOS_DEPLOYMENT_TARGET = 17.5;
				LOCALIZATION_PREFERS_STRING_CATALOGS = YES;
				MTL_ENABLE_DEBUG_INFO = NO;
				MTL_FAST_MATH = YES;
				SDKROOT = iphoneos;
				SWIFT_COMPILATION_MODE = wholemodule;
				VALIDATE_PRODUCT = YES;
			};
			name = Release;
		};
		815DBD742C5180F3006E52D2 /* Debug */ = {
			isa = XCBuildConfiguration;
			buildSettings = {
				ASSETCATALOG_COMPILER_APPICON_NAME = AppIcon;
				ASSETCATALOG_COMPILER_GLOBAL_ACCENT_COLOR_NAME = AccentColor;
				CODE_SIGN_STYLE = Automatic;
				CURRENT_PROJECT_VERSION = 1;
				DEVELOPMENT_ASSET_PATHS = "\"CleanPlaceholder/Preview Content\"";
				DEVELOPMENT_TEAM = T4TAYQYD49;
				ENABLE_PREVIEWS = YES;
				GENERATE_INFOPLIST_FILE = YES;
				INFOPLIST_KEY_UIApplicationSceneManifest_Generation = YES;
				INFOPLIST_KEY_UIApplicationSupportsIndirectInputEvents = YES;
				INFOPLIST_KEY_UILaunchScreen_Generation = YES;
				INFOPLIST_KEY_UISupportedInterfaceOrientations_iPad = "UIInterfaceOrientationPortrait UIInterfaceOrientationPortraitUpsideDown UIInterfaceOrientationLandscapeLeft UIInterfaceOrientationLandscapeRight";
				INFOPLIST_KEY_UISupportedInterfaceOrientations_iPhone = "UIInterfaceOrientationPortrait UIInterfaceOrientationLandscapeLeft UIInterfaceOrientationLandscapeRight";
				LD_RUNPATH_SEARCH_PATHS = (
					"$(inherited)",
					"@executable_path/Frameworks",
				);
				MARKETING_VERSION = 1.0;
				PRODUCT_BUNDLE_IDENTIFIER = com.otus.homework.CleanPlaceholder;
				PRODUCT_NAME = "$(TARGET_NAME)";
				SWIFT_EMIT_LOC_STRINGS = YES;
				SWIFT_VERSION = 5.0;
				TARGETED_DEVICE_FAMILY = "1,2";
			};
			name = Debug;
		};
		815DBD752C5180F3006E52D2 /* Release */ = {
			isa = XCBuildConfiguration;
			buildSettings = {
				ASSETCATALOG_COMPILER_APPICON_NAME = AppIcon;
				ASSETCATALOG_COMPILER_GLOBAL_ACCENT_COLOR_NAME = AccentColor;
				CODE_SIGN_STYLE = Automatic;
				CURRENT_PROJECT_VERSION = 1;
				DEVELOPMENT_ASSET_PATHS = "\"CleanPlaceholder/Preview Content\"";
				DEVELOPMENT_TEAM = T4TAYQYD49;
				ENABLE_PREVIEWS = YES;
				GENERATE_INFOPLIST_FILE = YES;
				INFOPLIST_KEY_UIApplicationSceneManifest_Generation = YES;
				INFOPLIST_KEY_UIApplicationSupportsIndirectInputEvents = YES;
				INFOPLIST_KEY_UILaunchScreen_Generation = YES;
				INFOPLIST_KEY_UISupportedInterfaceOrientations_iPad = "UIInterfaceOrientationPortrait UIInterfaceOrientationPortraitUpsideDown UIInterfaceOrientationLandscapeLeft UIInterfaceOrientationLandscapeRight";
				INFOPLIST_KEY_UISupportedInterfaceOrientations_iPhone = "UIInterfaceOrientationPortrait UIInterfaceOrientationLandscapeLeft UIInterfaceOrientationLandscapeRight";
				LD_RUNPATH_SEARCH_PATHS = (
					"$(inherited)",
					"@executable_path/Frameworks",
				);
				MARKETING_VERSION = 1.0;
				PRODUCT_BUNDLE_IDENTIFIER = com.otus.homework.CleanPlaceholder;
				PRODUCT_NAME = "$(TARGET_NAME)";
				SWIFT_EMIT_LOC_STRINGS = YES;
				SWIFT_VERSION = 5.0;
				TARGETED_DEVICE_FAMILY = "1,2";
			};
			name = Release;
		};
/* End XCBuildConfiguration section */

/* Begin XCConfigurationList section */
		815DBD5B2C5180F1006E52D2 /* Build configuration list for PBXProject "CleanPlaceholder" */ = {
			isa = XCConfigurationList;
			buildConfigurations = (
				815DBD712C5180F3006E52D2 /* Debug */,
				815DBD722C5180F3006E52D2 /* Release */,
			);
			defaultConfigurationIsVisible = 0;
			defaultConfigurationName = Release;
		};
		815DBD732C5180F3006E52D2 /* Build configuration list for PBXNativeTarget "CleanPlaceholder" */ = {
			isa = XCConfigurationList;
			buildConfigurations = (
				815DBD742C5180F3006E52D2 /* Debug */,
				815DBD752C5180F3006E52D2 /* Release */,
			);
			defaultConfigurationIsVisible = 0;
			defaultConfigurationName = Release;
		};
/* End XCConfigurationList section */

/* Begin XCRemoteSwiftPackageReference section */
		81DB702D2C595A75004C40F4 /* XCRemoteSwiftPackageReference "firebase-ios-sdk" */ = {
			isa = XCRemoteSwiftPackageReference;
			repositoryURL = "https://github.com/firebase/firebase-ios-sdk";
			requirement = {
				kind = upToNextMajorVersion;
				minimumVersion = 11.0.0;
			};
		};
/* End XCRemoteSwiftPackageReference section */

/* Begin XCSwiftPackageProductDependency section */
		81DB702E2C595A75004C40F4 /* FirebaseAnalytics */ = {
			isa = XCSwiftPackageProductDependency;
			package = 81DB702D2C595A75004C40F4 /* XCRemoteSwiftPackageReference "firebase-ios-sdk" */;
			productName = FirebaseAnalytics;
		};
		81DB70302C595A75004C40F4 /* FirebaseAnalyticsWithoutAdIdSupport */ = {
			isa = XCSwiftPackageProductDependency;
			package = 81DB702D2C595A75004C40F4 /* XCRemoteSwiftPackageReference "firebase-ios-sdk" */;
			productName = FirebaseAnalyticsWithoutAdIdSupport;
		};
		81DB70322C595A75004C40F4 /* FirebaseCrashlytics */ = {
			isa = XCSwiftPackageProductDependency;
			package = 81DB702D2C595A75004C40F4 /* XCRemoteSwiftPackageReference "firebase-ios-sdk" */;
			productName = FirebaseCrashlytics;
		};
/* End XCSwiftPackageProductDependency section */

/* Begin XCVersionGroup section */
		815DBD6E2C5180F3006E52D2 /* CleanPlaceholder.xcdatamodeld */ = {
			isa = XCVersionGroup;
			children = (
				815DBD6F2C5180F3006E52D2 /* CleanPlaceholder.xcdatamodel */,
			);
			currentVersion = 815DBD6F2C5180F3006E52D2 /* CleanPlaceholder.xcdatamodel */;
			path = CleanPlaceholder.xcdatamodeld;
			sourceTree = "<group>";
			versionGroupType = wrapper.xcdatamodel;
		};
/* End XCVersionGroup section */
	};
	rootObject = 815DBD582C5180F1006E52D2 /* Project object */;
}
